
Microsoft Visual Studio Solution File, Format Version 12.00
# Visual Studio Version 16
VisualStudioVersion = 16.0.30907.101
MinimumVisualStudioVersion = 10.0.40219.1
Project("{FAE04EC0-301F-11D3-BF4B-00C04F79EFBC}") = "DataAccess", "DataAccess\DataAccess.csproj", "{94CEE268-E663-435F-B3A8-2E8EA0EBF5C8}"
EndProject
Project("{FAE04EC0-301F-11D3-BF4B-00C04F79EFBC}") = "Business", "Business\Business.csproj", "{A21A6D6F-9246-455E-AD34-EE483D814CB9}"
EndProject
Project("{FAE04EC0-301F-11D3-BF4B-00C04F79EFBC}") = "Entities", "Entities\Entities.csproj", "{50D11756-D41C-44A8-90C3-65953586BBBA}"
EndProject
Project("{FAE04EC0-301F-11D3-BF4B-00C04F79EFBC}") = "ConsoleUI", "ConsoleUI\ConsoleUI.csproj", "{70E2CF5A-F08D-44D6-AD5B-B2D85C708F70}"
EndProject
Global
	GlobalSection(SolutionConfigurationPlatforms) = preSolution
		Debug|Any CPU = Debug|Any CPU
		Release|Any CPU = Release|Any CPU
	EndGlobalSection
	GlobalSection(ProjectConfigurationPlatforms) = postSolution
		{94CEE268-E663-435F-B3A8-2E8EA0EBF5C8}.Debug|Any CPU.ActiveCfg = Debug|Any CPU
		{94CEE268-E663-435F-B3A8-2E8EA0EBF5C8}.Debug|Any CPU.Build.0 = Debug|Any CPU
		{94CEE268-E663-435F-B3A8-2E8EA0EBF5C8}.Release|Any CPU.ActiveCfg = Release|Any CPU
		{94CEE268-E663-435F-B3A8-2E8EA0EBF5C8}.Release|Any CPU.Build.0 = Release|Any CPU
		{A21A6D6F-9246-455E-AD34-EE483D814CB9}.Debug|Any CPU.ActiveCfg = Debug|Any CPU
		{A21A6D6F-9246-455E-AD34-EE483D814CB9}.Debug|Any CPU.Build.0 = Debug|Any CPU
		{A21A6D6F-9246-455E-AD34-EE483D814CB9}.Release|Any CPU.ActiveCfg = Release|Any CPU
		{A21A6D6F-9246-455E-AD34-EE483D814CB9}.Release|Any CPU.Build.0 = Release|Any CPU
		{50D11756-D41C-44A8-90C3-65953586BBBA}.Debug|Any CPU.ActiveCfg = Debug|Any CPU
		{50D11756-D41C-44A8-90C3-65953586BBBA}.Debug|Any CPU.Build.0 = Debug|Any CPU
		{50D11756-D41C-44A8-90C3-65953586BBBA}.Release|Any CPU.ActiveCfg = Release|Any CPU
		{50D11756-D41C-44A8-90C3-65953586BBBA}.Release|Any CPU.Build.0 = Release|Any CPU
		{70E2CF5A-F08D-44D6-AD5B-B2D85C708F70}.Debug|Any CPU.ActiveCfg = Debug|Any CPU
		{70E2CF5A-F08D-44D6-AD5B-B2D85C708F70}.Debug|Any CPU.Build.0 = Debug|Any CPU
		{70E2CF5A-F08D-44D6-AD5B-B2D85C708F70}.Release|Any CPU.ActiveCfg = Release|Any CPU
		{70E2CF5A-F08D-44D6-AD5B-B2D85C708F70}.Release|Any CPU.Build.0 = Release|Any CPU
	EndGlobalSection
	GlobalSection(SolutionProperties) = preSolution
		HideSolutionNode = FALSE
	EndGlobalSection
	GlobalSection(ExtensibilityGlobals) = postSolution
		SolutionGuid = {FC37AA93-9250-473B-AE0A-2AB380140140}
	EndGlobalSection
EndGlobal
